// !$*UTF8*$!
{
	archiveVersion = 1;
	classes = {
	};
	objectVersion = 56;
	objects = {

/* Begin PBXBuildFile section */
		454372FB2A55DAC0007153D8 /* SeatGeekApp.swift in Sources */ = {isa = PBXBuildFile; fileRef = 454372FA2A55DAC0007153D8 /* SeatGeekApp.swift */; };
		454372FD2A55DAC0007153D8 /* ContentView.swift in Sources */ = {isa = PBXBuildFile; fileRef = 454372FC2A55DAC0007153D8 /* ContentView.swift */; };
		454372FF2A55DAC1007153D8 /* Assets.xcassets in Resources */ = {isa = PBXBuildFile; fileRef = 454372FE2A55DAC1007153D8 /* Assets.xcassets */; };
		454373022A55DAC1007153D8 /* Preview Assets.xcassets in Resources */ = {isa = PBXBuildFile; fileRef = 454373012A55DAC1007153D8 /* Preview Assets.xcassets */; };
		454373042A55DAC1007153D8 /* Persistence.swift in Sources */ = {isa = PBXBuildFile; fileRef = 454373032A55DAC1007153D8 /* Persistence.swift */; };
		454373072A55DAC1007153D8 /* SeatGeek.xcdatamodeld in Sources */ = {isa = PBXBuildFile; fileRef = 454373052A55DAC1007153D8 /* SeatGeek.xcdatamodeld */; };
		455E695D2A5A13E8006CB0DE /* ProfileView.swift in Sources */ = {isa = PBXBuildFile; fileRef = 455E695C2A5A13E8006CB0DE /* ProfileView.swift */; };
		4587C06C2A55DC8800BE2AA8 /* MainView.swift in Sources */ = {isa = PBXBuildFile; fileRef = 4587C06B2A55DC8800BE2AA8 /* MainView.swift */; };
		4587C06E2A55DC9100BE2AA8 /* LoginView.swift in Sources */ = {isa = PBXBuildFile; fileRef = 4587C06D2A55DC9100BE2AA8 /* LoginView.swift */; };
		4587C0702A55DD0200BE2AA8 /* EventsView.swift in Sources */ = {isa = PBXBuildFile; fileRef = 4587C06F2A55DD0200BE2AA8 /* EventsView.swift */; };
		4587C0722A55DD2200BE2AA8 /* MyEventsView.swift in Sources */ = {isa = PBXBuildFile; fileRef = 4587C0712A55DD2200BE2AA8 /* MyEventsView.swift */; };
		4587C0762A55E9F400BE2AA8 /* CustomTextField.swift in Sources */ = {isa = PBXBuildFile; fileRef = 4587C0752A55E9F400BE2AA8 /* CustomTextField.swift */; };
		4587C0782A55F44900BE2AA8 /* GrowingButton.swift in Sources */ = {isa = PBXBuildFile; fileRef = 4587C0772A55F44900BE2AA8 /* GrowingButton.swift */; };
		4587C07A2A55F69300BE2AA8 /* GoogleService-Info.plist in Resources */ = {isa = PBXBuildFile; fileRef = 4587C0792A55F69300BE2AA8 /* GoogleService-Info.plist */; };
		4587C07D2A55F71B00BE2AA8 /* FirebaseAuth in Frameworks */ = {isa = PBXBuildFile; productRef = 4587C07C2A55F71B00BE2AA8 /* FirebaseAuth */; };
		4587C07F2A55F76B00BE2AA8 /* FirebaseAuthController.swift in Sources */ = {isa = PBXBuildFile; fileRef = 4587C07E2A55F76B00BE2AA8 /* FirebaseAuthController.swift */; };
		459A8A742A5B38AE00D6BC1A /* EventDetailView.swift in Sources */ = {isa = PBXBuildFile; fileRef = 459A8A732A5B38AE00D6BC1A /* EventDetailView.swift */; };
		45A348B82A5651480004BBD4 /* SignUpView.swift in Sources */ = {isa = PBXBuildFile; fileRef = 45A348B72A5651480004BBD4 /* SignUpView.swift */; };
		45A348BA2A5771C70004BBD4 /* Event.swift in Sources */ = {isa = PBXBuildFile; fileRef = 45A348B92A5771C70004BBD4 /* Event.swift */; };
		4E8CCBB92A5A265B00C678B5 /* FirebaseFirestore in Frameworks */ = {isa = PBXBuildFile; productRef = 4E8CCBB82A5A265B00C678B5 /* FirebaseFirestore */; };
		4E8CCBBB2A5A266B00C678B5 /* FirebaseFirestoreSwift in Frameworks */ = {isa = PBXBuildFile; productRef = 4E8CCBBA2A5A266B00C678B5 /* FirebaseFirestoreSwift */; };
		4E8CCBBD2A5A290B00C678B5 /* FirestoreController.swift in Sources */ = {isa = PBXBuildFile; fileRef = 4E8CCBBC2A5A290B00C678B5 /* FirestoreController.swift */; };
		4E8CCBBF2A5A2B5F00C678B5 /* SearchFriends.swift in Sources */ = {isa = PBXBuildFile; fileRef = 4E8CCBBE2A5A2B5F00C678B5 /* SearchFriends.swift */; };
		4E8CCBC12A5A3CB200C678B5 /* User.swift in Sources */ = {isa = PBXBuildFile; fileRef = 4E8CCBC02A5A3CB200C678B5 /* User.swift */; };
		4E8CCBC32A5A47F000C678B5 /* UserDetailView.swift in Sources */ = {isa = PBXBuildFile; fileRef = 4E8CCBC22A5A47F000C678B5 /* UserDetailView.swift */; };
		4E8CCBC52A5A585100C678B5 /* FriendView.swift in Sources */ = {isa = PBXBuildFile; fileRef = 4E8CCBC42A5A585100C678B5 /* FriendView.swift */; };
		4EC5BDDC2A5BA20E006CB697 /* FavoriteEventDetailedView.swift in Sources */ = {isa = PBXBuildFile; fileRef = 4EC5BDDB2A5BA20E006CB697 /* FavoriteEventDetailedView.swift */; };
/* End PBXBuildFile section */

/* Begin PBXFileReference section */
		454372F72A55DAC0007153D8 /* SeatGeek.app */ = {isa = PBXFileReference; explicitFileType = wrapper.application; includeInIndex = 0; path = SeatGeek.app; sourceTree = BUILT_PRODUCTS_DIR; };
		454372FA2A55DAC0007153D8 /* SeatGeekApp.swift */ = {isa = PBXFileReference; lastKnownFileType = sourcecode.swift; path = SeatGeekApp.swift; sourceTree = "<group>"; };
		454372FC2A55DAC0007153D8 /* ContentView.swift */ = {isa = PBXFileReference; lastKnownFileType = sourcecode.swift; path = ContentView.swift; sourceTree = "<group>"; };
		454372FE2A55DAC1007153D8 /* Assets.xcassets */ = {isa = PBXFileReference; lastKnownFileType = folder.assetcatalog; path = Assets.xcassets; sourceTree = "<group>"; };
		454373012A55DAC1007153D8 /* Preview Assets.xcassets */ = {isa = PBXFileReference; lastKnownFileType = folder.assetcatalog; path = "Preview Assets.xcassets"; sourceTree = "<group>"; };
		454373032A55DAC1007153D8 /* Persistence.swift */ = {isa = PBXFileReference; lastKnownFileType = sourcecode.swift; path = Persistence.swift; sourceTree = "<group>"; };
		454373062A55DAC1007153D8 /* SeatGeek.xcdatamodel */ = {isa = PBXFileReference; lastKnownFileType = wrapper.xcdatamodel; path = SeatGeek.xcdatamodel; sourceTree = "<group>"; };
		455E695C2A5A13E8006CB0DE /* ProfileView.swift */ = {isa = PBXFileReference; lastKnownFileType = sourcecode.swift; path = ProfileView.swift; sourceTree = "<group>"; };
		4587C06B2A55DC8800BE2AA8 /* MainView.swift */ = {isa = PBXFileReference; lastKnownFileType = sourcecode.swift; path = MainView.swift; sourceTree = "<group>"; };
		4587C06D2A55DC9100BE2AA8 /* LoginView.swift */ = {isa = PBXFileReference; lastKnownFileType = sourcecode.swift; path = LoginView.swift; sourceTree = "<group>"; };
		4587C06F2A55DD0200BE2AA8 /* EventsView.swift */ = {isa = PBXFileReference; lastKnownFileType = sourcecode.swift; path = EventsView.swift; sourceTree = "<group>"; };
		4587C0712A55DD2200BE2AA8 /* MyEventsView.swift */ = {isa = PBXFileReference; lastKnownFileType = sourcecode.swift; path = MyEventsView.swift; sourceTree = "<group>"; };
		4587C0752A55E9F400BE2AA8 /* CustomTextField.swift */ = {isa = PBXFileReference; lastKnownFileType = sourcecode.swift; path = CustomTextField.swift; sourceTree = "<group>"; };
		4587C0772A55F44900BE2AA8 /* GrowingButton.swift */ = {isa = PBXFileReference; fileEncoding = 4; lastKnownFileType = sourcecode.swift; path = GrowingButton.swift; sourceTree = "<group>"; };
		4587C0792A55F69300BE2AA8 /* GoogleService-Info.plist */ = {isa = PBXFileReference; fileEncoding = 4; lastKnownFileType = text.plist.xml; path = "GoogleService-Info.plist"; sourceTree = "<group>"; };
		4587C07E2A55F76B00BE2AA8 /* FirebaseAuthController.swift */ = {isa = PBXFileReference; lastKnownFileType = sourcecode.swift; path = FirebaseAuthController.swift; sourceTree = "<group>"; };
		459A8A732A5B38AE00D6BC1A /* EventDetailView.swift */ = {isa = PBXFileReference; lastKnownFileType = sourcecode.swift; path = EventDetailView.swift; sourceTree = "<group>"; };
		45A348B72A5651480004BBD4 /* SignUpView.swift */ = {isa = PBXFileReference; lastKnownFileType = sourcecode.swift; path = SignUpView.swift; sourceTree = "<group>"; };
		45A348B92A5771C70004BBD4 /* Event.swift */ = {isa = PBXFileReference; lastKnownFileType = sourcecode.swift; path = Event.swift; sourceTree = "<group>"; };
		4E8CCBBC2A5A290B00C678B5 /* FirestoreController.swift */ = {isa = PBXFileReference; lastKnownFileType = sourcecode.swift; path = FirestoreController.swift; sourceTree = "<group>"; };
		4E8CCBBE2A5A2B5F00C678B5 /* SearchFriends.swift */ = {isa = PBXFileReference; lastKnownFileType = sourcecode.swift; path = SearchFriends.swift; sourceTree = "<group>"; };
		4E8CCBC02A5A3CB200C678B5 /* User.swift */ = {isa = PBXFileReference; lastKnownFileType = sourcecode.swift; path = User.swift; sourceTree = "<group>"; };
		4E8CCBC22A5A47F000C678B5 /* UserDetailView.swift */ = {isa = PBXFileReference; lastKnownFileType = sourcecode.swift; path = UserDetailView.swift; sourceTree = "<group>"; };
		4E8CCBC42A5A585100C678B5 /* FriendView.swift */ = {isa = PBXFileReference; lastKnownFileType = sourcecode.swift; path = FriendView.swift; sourceTree = "<group>"; };
		4EC5BDDB2A5BA20E006CB697 /* FavoriteEventDetailedView.swift */ = {isa = PBXFileReference; lastKnownFileType = sourcecode.swift; path = FavoriteEventDetailedView.swift; sourceTree = "<group>"; };
/* End PBXFileReference section */

/* Begin PBXFrameworksBuildPhase section */
		454372F42A55DAC0007153D8 /* Frameworks */ = {
			isa = PBXFrameworksBuildPhase;
			buildActionMask = 2147483647;
			files = (
				4587C07D2A55F71B00BE2AA8 /* FirebaseAuth in Frameworks */,
				4E8CCBB92A5A265B00C678B5 /* FirebaseFirestore in Frameworks */,
				4E8CCBBB2A5A266B00C678B5 /* FirebaseFirestoreSwift in Frameworks */,
			);
			runOnlyForDeploymentPostprocessing = 0;
		};
/* End PBXFrameworksBuildPhase section */

/* Begin PBXGroup section */
		454372EE2A55DAC0007153D8 = {
			isa = PBXGroup;
			children = (
				454372F92A55DAC0007153D8 /* SeatGeek */,
				454372F82A55DAC0007153D8 /* Products */,
				4E8CCBB72A5A265B00C678B5 /* Frameworks */,
			);
			sourceTree = "<group>";
		};
		454372F82A55DAC0007153D8 /* Products */ = {
			isa = PBXGroup;
			children = (
				454372F72A55DAC0007153D8 /* SeatGeek.app */,
			);
			name = Products;
			sourceTree = "<group>";
		};
		454372F92A55DAC0007153D8 /* SeatGeek */ = {
			isa = PBXGroup;
			children = (
				4E8CCBC22A5A47F000C678B5 /* UserDetailView.swift */,
				454372FA2A55DAC0007153D8 /* SeatGeekApp.swift */,
				454372FC2A55DAC0007153D8 /* ContentView.swift */,
				4587C06D2A55DC9100BE2AA8 /* LoginView.swift */,
				4587C06F2A55DD0200BE2AA8 /* EventsView.swift */,
				45A348B92A5771C70004BBD4 /* Event.swift */,
				459A8A732A5B38AE00D6BC1A /* EventDetailView.swift */,
				45A348B72A5651480004BBD4 /* SignUpView.swift */,
				4587C07E2A55F76B00BE2AA8 /* FirebaseAuthController.swift */,
				4587C0752A55E9F400BE2AA8 /* CustomTextField.swift */,
				4587C0712A55DD2200BE2AA8 /* MyEventsView.swift */,
				4587C0772A55F44900BE2AA8 /* GrowingButton.swift */,
				4587C06B2A55DC8800BE2AA8 /* MainView.swift */,
				4587C0792A55F69300BE2AA8 /* GoogleService-Info.plist */,
				455E695C2A5A13E8006CB0DE /* ProfileView.swift */,
				454372FE2A55DAC1007153D8 /* Assets.xcassets */,
				454373032A55DAC1007153D8 /* Persistence.swift */,
				454373052A55DAC1007153D8 /* SeatGeek.xcdatamodeld */,
				454373002A55DAC1007153D8 /* Preview Content */,
				4E8CCBBC2A5A290B00C678B5 /* FirestoreController.swift */,
				4E8CCBBE2A5A2B5F00C678B5 /* SearchFriends.swift */,
				4E8CCBC02A5A3CB200C678B5 /* User.swift */,
				4E8CCBC42A5A585100C678B5 /* FriendView.swift */,
				4EC5BDDB2A5BA20E006CB697 /* FavoriteEventDetailedView.swift */,
			);
			path = SeatGeek;
			sourceTree = "<group>";
		};
		454373002A55DAC1007153D8 /* Preview Content */ = {
			isa = PBXGroup;
			children = (
				454373012A55DAC1007153D8 /* Preview Assets.xcassets */,
			);
			path = "Preview Content";
			sourceTree = "<group>";
		};
		4E8CCBB72A5A265B00C678B5 /* Frameworks */ = {
			isa = PBXGroup;
			children = (
			);
			name = Frameworks;
			sourceTree = "<group>";
		};
/* End PBXGroup section */

/* Begin PBXNativeTarget section */
		454372F62A55DAC0007153D8 /* SeatGeek */ = {
			isa = PBXNativeTarget;
			buildConfigurationList = 4543730A2A55DAC1007153D8 /* Build configuration list for PBXNativeTarget "SeatGeek" */;
			buildPhases = (
				454372F32A55DAC0007153D8 /* Sources */,
				454372F42A55DAC0007153D8 /* Frameworks */,
				454372F52A55DAC0007153D8 /* Resources */,
			);
			buildRules = (
			);
			dependencies = (
			);
			name = SeatGeek;
			packageProductDependencies = (
				4587C07C2A55F71B00BE2AA8 /* FirebaseAuth */,
				4E8CCBB82A5A265B00C678B5 /* FirebaseFirestore */,
				4E8CCBBA2A5A266B00C678B5 /* FirebaseFirestoreSwift */,
			);
			productName = SeatGeek;
			productReference = 454372F72A55DAC0007153D8 /* SeatGeek.app */;
			productType = "com.apple.product-type.application";
		};
/* End PBXNativeTarget section */

/* Begin PBXProject section */
		454372EF2A55DAC0007153D8 /* Project object */ = {
			isa = PBXProject;
			attributes = {
				BuildIndependentTargetsInParallel = 1;
				LastSwiftUpdateCheck = 1430;
				LastUpgradeCheck = 1430;
				TargetAttributes = {
					454372F62A55DAC0007153D8 = {
						CreatedOnToolsVersion = 14.3.1;
					};
				};
			};
			buildConfigurationList = 454372F22A55DAC0007153D8 /* Build configuration list for PBXProject "SeatGeek" */;
			compatibilityVersion = "Xcode 14.0";
			developmentRegion = en;
			hasScannedForEncodings = 0;
			knownRegions = (
				en,
				Base,
			);
			mainGroup = 454372EE2A55DAC0007153D8;
			packageReferences = (
				4587C07B2A55F71B00BE2AA8 /* XCRemoteSwiftPackageReference "firebase-ios-sdk" */,
			);
			productRefGroup = 454372F82A55DAC0007153D8 /* Products */;
			projectDirPath = "";
			projectRoot = "";
			targets = (
				454372F62A55DAC0007153D8 /* SeatGeek */,
			);
		};
/* End PBXProject section */

/* Begin PBXResourcesBuildPhase section */
		454372F52A55DAC0007153D8 /* Resources */ = {
			isa = PBXResourcesBuildPhase;
			buildActionMask = 2147483647;
			files = (
				454373022A55DAC1007153D8 /* Preview Assets.xcassets in Resources */,
				454372FF2A55DAC1007153D8 /* Assets.xcassets in Resources */,
				4587C07A2A55F69300BE2AA8 /* GoogleService-Info.plist in Resources */,
			);
			runOnlyForDeploymentPostprocessing = 0;
		};
/* End PBXResourcesBuildPhase section */

/* Begin PBXSourcesBuildPhase section */
		454372F32A55DAC0007153D8 /* Sources */ = {
			isa = PBXSourcesBuildPhase;
			buildActionMask = 2147483647;
			files = (
				4E8CCBBD2A5A290B00C678B5 /* FirestoreController.swift in Sources */,
				4587C07F2A55F76B00BE2AA8 /* FirebaseAuthController.swift in Sources */,
				4587C06E2A55DC9100BE2AA8 /* LoginView.swift in Sources */,
				4587C0702A55DD0200BE2AA8 /* EventsView.swift in Sources */,
				4E8CCBC32A5A47F000C678B5 /* UserDetailView.swift in Sources */,
				454373042A55DAC1007153D8 /* Persistence.swift in Sources */,
				45A348B82A5651480004BBD4 /* SignUpView.swift in Sources */,
				4587C0722A55DD2200BE2AA8 /* MyEventsView.swift in Sources */,
				4EC5BDDC2A5BA20E006CB697 /* FavoriteEventDetailedView.swift in Sources */,
				4E8CCBC12A5A3CB200C678B5 /* User.swift in Sources */,
				454372FD2A55DAC0007153D8 /* ContentView.swift in Sources */,
				454373072A55DAC1007153D8 /* SeatGeek.xcdatamodeld in Sources */,
				4587C06C2A55DC8800BE2AA8 /* MainView.swift in Sources */,
				454372FB2A55DAC0007153D8 /* SeatGeekApp.swift in Sources */,
				4587C0762A55E9F400BE2AA8 /* CustomTextField.swift in Sources */,
				4587C0782A55F44900BE2AA8 /* GrowingButton.swift in Sources */,
				455E695D2A5A13E8006CB0DE /* ProfileView.swift in Sources */,
				459A8A742A5B38AE00D6BC1A /* EventDetailView.swift in Sources */,
				45A348BA2A5771C70004BBD4 /* Event.swift in Sources */,
				4E8CCBC52A5A585100C678B5 /* FriendView.swift in Sources */,
				4E8CCBBF2A5A2B5F00C678B5 /* SearchFriends.swift in Sources */,
			);
			runOnlyForDeploymentPostprocessing = 0;
		};
/* End PBXSourcesBuildPhase section */

/* Begin XCBuildConfiguration section */
		454373082A55DAC1007153D8 /* Debug */ = {
			isa = XCBuildConfiguration;
			buildSettings = {
				ALWAYS_SEARCH_USER_PATHS = NO;
				CLANG_ANALYZER_NONNULL = YES;
				CLANG_ANALYZER_NUMBER_OBJECT_CONVERSION = YES_AGGRESSIVE;
				CLANG_CXX_LANGUAGE_STANDARD = "gnu++20";
				CLANG_ENABLE_MODULES = YES;
				CLANG_ENABLE_OBJC_ARC = YES;
				CLANG_ENABLE_OBJC_WEAK = YES;
				CLANG_WARN_BLOCK_CAPTURE_AUTORELEASING = YES;
				CLANG_WARN_BOOL_CONVERSION = YES;
				CLANG_WARN_COMMA = YES;
				CLANG_WARN_CONSTANT_CONVERSION = YES;
				CLANG_WARN_DEPRECATED_OBJC_IMPLEMENTATIONS = YES;
				CLANG_WARN_DIRECT_OBJC_ISA_USAGE = YES_ERROR;
				CLANG_WARN_DOCUMENTATION_COMMENTS = YES;
				CLANG_WARN_EMPTY_BODY = YES;
				CLANG_WARN_ENUM_CONVERSION = YES;
				CLANG_WARN_INFINITE_RECURSION = YES;
				CLANG_WARN_INT_CONVERSION = YES;
				CLANG_WARN_NON_LITERAL_NULL_CONVERSION = YES;
				CLANG_WARN_OBJC_IMPLICIT_RETAIN_SELF = YES;
				CLANG_WARN_OBJC_LITERAL_CONVERSION = YES;
				CLANG_WARN_OBJC_ROOT_CLASS = YES_ERROR;
				CLANG_WARN_QUOTED_INCLUDE_IN_FRAMEWORK_HEADER = YES;
				CLANG_WARN_RANGE_LOOP_ANALYSIS = YES;
				CLANG_WARN_STRICT_PROTOTYPES = YES;
				CLANG_WARN_SUSPICIOUS_MOVE = YES;
				CLANG_WARN_UNGUARDED_AVAILABILITY = YES_AGGRESSIVE;
				CLANG_WARN_UNREACHABLE_CODE = YES;
				CLANG_WARN__DUPLICATE_METHOD_MATCH = YES;
				COPY_PHASE_STRIP = NO;
				DEBUG_INFORMATION_FORMAT = dwarf;
				ENABLE_STRICT_OBJC_MSGSEND = YES;
				ENABLE_TESTABILITY = YES;
				GCC_C_LANGUAGE_STANDARD = gnu11;
				GCC_DYNAMIC_NO_PIC = NO;
				GCC_NO_COMMON_BLOCKS = YES;
				GCC_OPTIMIZATION_LEVEL = 0;
				GCC_PREPROCESSOR_DEFINITIONS = (
					"DEBUG=1",
					"$(inherited)",
				);
				GCC_WARN_64_TO_32_BIT_CONVERSION = YES;
				GCC_WARN_ABOUT_RETURN_TYPE = YES_ERROR;
				GCC_WARN_UNDECLARED_SELECTOR = YES;
				GCC_WARN_UNINITIALIZED_AUTOS = YES_AGGRESSIVE;
				GCC_WARN_UNUSED_FUNCTION = YES;
				GCC_WARN_UNUSED_VARIABLE = YES;
				IPHONEOS_DEPLOYMENT_TARGET = 16.4;
				MTL_ENABLE_DEBUG_INFO = INCLUDE_SOURCE;
				MTL_FAST_MATH = YES;
				ONLY_ACTIVE_ARCH = YES;
				SDKROOT = iphoneos;
				SWIFT_ACTIVE_COMPILATION_CONDITIONS = DEBUG;
				SWIFT_OPTIMIZATION_LEVEL = "-Onone";
			};
			name = Debug;
		};
		454373092A55DAC1007153D8 /* Release */ = {
			isa = XCBuildConfiguration;
			buildSettings = {
				ALWAYS_SEARCH_USER_PATHS = NO;
				CLANG_ANALYZER_NONNULL = YES;
				CLANG_ANALYZER_NUMBER_OBJECT_CONVERSION = YES_AGGRESSIVE;
				CLANG_CXX_LANGUAGE_STANDARD = "gnu++20";
				CLANG_ENABLE_MODULES = YES;
				CLANG_ENABLE_OBJC_ARC = YES;
				CLANG_ENABLE_OBJC_WEAK = YES;
				CLANG_WARN_BLOCK_CAPTURE_AUTORELEASING = YES;
				CLANG_WARN_BOOL_CONVERSION = YES;
				CLANG_WARN_COMMA = YES;
				CLANG_WARN_CONSTANT_CONVERSION = YES;
				CLANG_WARN_DEPRECATED_OBJC_IMPLEMENTATIONS = YES;
				CLANG_WARN_DIRECT_OBJC_ISA_USAGE = YES_ERROR;
				CLANG_WARN_DOCUMENTATION_COMMENTS = YES;
				CLANG_WARN_EMPTY_BODY = YES;
				CLANG_WARN_ENUM_CONVERSION = YES;
				CLANG_WARN_INFINITE_RECURSION = YES;
				CLANG_WARN_INT_CONVERSION = YES;
				CLANG_WARN_NON_LITERAL_NULL_CONVERSION = YES;
				CLANG_WARN_OBJC_IMPLICIT_RETAIN_SELF = YES;
				CLANG_WARN_OBJC_LITERAL_CONVERSION = YES;
				CLANG_WARN_OBJC_ROOT_CLASS = YES_ERROR;
				CLANG_WARN_QUOTED_INCLUDE_IN_FRAMEWORK_HEADER = YES;
				CLANG_WARN_RANGE_LOOP_ANALYSIS = YES;
				CLANG_WARN_STRICT_PROTOTYPES = YES;
				CLANG_WARN_SUSPICIOUS_MOVE = YES;
				CLANG_WARN_UNGUARDED_AVAILABILITY = YES_AGGRESSIVE;
				CLANG_WARN_UNREACHABLE_CODE = YES;
				CLANG_WARN__DUPLICATE_METHOD_MATCH = YES;
				COPY_PHASE_STRIP = NO;
				DEBUG_INFORMATION_FORMAT = "dwarf-with-dsym";
				ENABLE_NS_ASSERTIONS = NO;
				ENABLE_STRICT_OBJC_MSGSEND = YES;
				GCC_C_LANGUAGE_STANDARD = gnu11;
				GCC_NO_COMMON_BLOCKS = YES;
				GCC_WARN_64_TO_32_BIT_CONVERSION = YES;
				GCC_WARN_ABOUT_RETURN_TYPE = YES_ERROR;
				GCC_WARN_UNDECLARED_SELECTOR = YES;
				GCC_WARN_UNINITIALIZED_AUTOS = YES_AGGRESSIVE;
				GCC_WARN_UNUSED_FUNCTION = YES;
				GCC_WARN_UNUSED_VARIABLE = YES;
				IPHONEOS_DEPLOYMENT_TARGET = 16.4;
				MTL_ENABLE_DEBUG_INFO = NO;
				MTL_FAST_MATH = YES;
				SDKROOT = iphoneos;
				SWIFT_COMPILATION_MODE = wholemodule;
				SWIFT_OPTIMIZATION_LEVEL = "-O";
				VALIDATE_PRODUCT = YES;
			};
			name = Release;
		};
		4543730B2A55DAC1007153D8 /* Debug */ = {
			isa = XCBuildConfiguration;
			buildSettings = {
				ASSETCATALOG_COMPILER_APPICON_NAME = AppIcon;
				ASSETCATALOG_COMPILER_GLOBAL_ACCENT_COLOR_NAME = AccentColor;
				CODE_SIGN_STYLE = Automatic;
				CURRENT_PROJECT_VERSION = 1;
				DEVELOPMENT_ASSET_PATHS = "\"SeatGeek/Preview Content\"";
				ENABLE_PREVIEWS = YES;
				GENERATE_INFOPLIST_FILE = YES;
				INFOPLIST_KEY_NSLocationAlwaysAndWhenInUseUsageDescription = "";
				INFOPLIST_KEY_NSLocationWhenInUseUsageDescription = "";
				INFOPLIST_KEY_UIApplicationSceneManifest_Generation = YES;
				INFOPLIST_KEY_UIApplicationSupportsIndirectInputEvents = YES;
				INFOPLIST_KEY_UILaunchScreen_Generation = YES;
				INFOPLIST_KEY_UISupportedInterfaceOrientations_iPad = "UIInterfaceOrientationPortrait UIInterfaceOrientationPortraitUpsideDown UIInterfaceOrientationLandscapeLeft UIInterfaceOrientationLandscapeRight";
				INFOPLIST_KEY_UISupportedInterfaceOrientations_iPhone = "UIInterfaceOrientationPortrait UIInterfaceOrientationLandscapeLeft UIInterfaceOrientationLandscapeRight";
				LD_RUNPATH_SEARCH_PATHS = (
					"$(inherited)",
					"@executable_path/Frameworks",
				);
				MARKETING_VERSION = 1.0;
				PRODUCT_BUNDLE_IDENTIFIER = aayush.SeatGeek;
				PRODUCT_NAME = "$(TARGET_NAME)";
				SWIFT_EMIT_LOC_STRINGS = YES;
				SWIFT_VERSION = 5.0;
				TARGETED_DEVICE_FAMILY = "1,2";
			};
			name = Debug;
		};
		4543730C2A55DAC1007153D8 /* Release */ = {
			isa = XCBuildConfiguration;
			buildSettings = {
				ASSETCATALOG_COMPILER_APPICON_NAME = AppIcon;
				ASSETCATALOG_COMPILER_GLOBAL_ACCENT_COLOR_NAME = AccentColor;
				CODE_SIGN_STYLE = Automatic;
				CURRENT_PROJECT_VERSION = 1;
				DEVELOPMENT_ASSET_PATHS = "\"SeatGeek/Preview Content\"";
				ENABLE_PREVIEWS = YES;
				GENERATE_INFOPLIST_FILE = YES;
				INFOPLIST_KEY_NSLocationAlwaysAndWhenInUseUsageDescription = "";
				INFOPLIST_KEY_NSLocationWhenInUseUsageDescription = "";
				INFOPLIST_KEY_UIApplicationSceneManifest_Generation = YES;
				INFOPLIST_KEY_UIApplicationSupportsIndirectInputEvents = YES;
				INFOPLIST_KEY_UILaunchScreen_Generation = YES;
				INFOPLIST_KEY_UISupportedInterfaceOrientations_iPad = "UIInterfaceOrientationPortrait UIInterfaceOrientationPortraitUpsideDown UIInterfaceOrientationLandscapeLeft UIInterfaceOrientationLandscapeRight";
				INFOPLIST_KEY_UISupportedInterfaceOrientations_iPhone = "UIInterfaceOrientationPortrait UIInterfaceOrientationLandscapeLeft UIInterfaceOrientationLandscapeRight";
				LD_RUNPATH_SEARCH_PATHS = (
					"$(inherited)",
					"@executable_path/Frameworks",
				);
				MARKETING_VERSION = 1.0;
				PRODUCT_BUNDLE_IDENTIFIER = aayush.SeatGeek;
				PRODUCT_NAME = "$(TARGET_NAME)";
				SWIFT_EMIT_LOC_STRINGS = YES;
				SWIFT_VERSION = 5.0;
				TARGETED_DEVICE_FAMILY = "1,2";
			};
			name = Release;
		};
/* End XCBuildConfiguration section */

/* Begin XCConfigurationList section */
		454372F22A55DAC0007153D8 /* Build configuration list for PBXProject "SeatGeek" */ = {
			isa = XCConfigurationList;
			buildConfigurations = (
				454373082A55DAC1007153D8 /* Debug */,
				454373092A55DAC1007153D8 /* Release */,
			);
			defaultConfigurationIsVisible = 0;
			defaultConfigurationName = Release;
		};
		4543730A2A55DAC1007153D8 /* Build configuration list for PBXNativeTarget "SeatGeek" */ = {
			isa = XCConfigurationList;
			buildConfigurations = (
				4543730B2A55DAC1007153D8 /* Debug */,
				4543730C2A55DAC1007153D8 /* Release */,
			);
			defaultConfigurationIsVisible = 0;
			defaultConfigurationName = Release;
		};
/* End XCConfigurationList section */

/* Begin XCRemoteSwiftPackageReference section */
		4587C07B2A55F71B00BE2AA8 /* XCRemoteSwiftPackageReference "firebase-ios-sdk" */ = {
			isa = XCRemoteSwiftPackageReference;
			repositoryURL = "https://github.com/firebase/firebase-ios-sdk";
			requirement = {
				kind = upToNextMajorVersion;
				minimumVersion = 10.0.0;
			};
		};
/* End XCRemoteSwiftPackageReference section */

/* Begin XCSwiftPackageProductDependency section */
		4587C07C2A55F71B00BE2AA8 /* FirebaseAuth */ = {
			isa = XCSwiftPackageProductDependency;
			package = 4587C07B2A55F71B00BE2AA8 /* XCRemoteSwiftPackageReference "firebase-ios-sdk" */;
			productName = FirebaseAuth;
		};
		4E8CCBB82A5A265B00C678B5 /* FirebaseFirestore */ = {
			isa = XCSwiftPackageProductDependency;
			package = 4587C07B2A55F71B00BE2AA8 /* XCRemoteSwiftPackageReference "firebase-ios-sdk" */;
			productName = FirebaseFirestore;
		};
		4E8CCBBA2A5A266B00C678B5 /* FirebaseFirestoreSwift */ = {
			isa = XCSwiftPackageProductDependency;
			package = 4587C07B2A55F71B00BE2AA8 /* XCRemoteSwiftPackageReference "firebase-ios-sdk" */;
			productName = FirebaseFirestoreSwift;
		};
/* End XCSwiftPackageProductDependency section */

/* Begin XCVersionGroup section */
		454373052A55DAC1007153D8 /* SeatGeek.xcdatamodeld */ = {
			isa = XCVersionGroup;
			children = (
				454373062A55DAC1007153D8 /* SeatGeek.xcdatamodel */,
			);
			currentVersion = 454373062A55DAC1007153D8 /* SeatGeek.xcdatamodel */;
			path = SeatGeek.xcdatamodeld;
			sourceTree = "<group>";
			versionGroupType = wrapper.xcdatamodel;
		};
/* End XCVersionGroup section */
	};
	rootObject = 454372EF2A55DAC0007153D8 /* Project object */;
}
